
Microsoft Visual Studio Solution File, Format Version 12.00
# Visual Studio 15
VisualStudioVersion = 15.0.27703.2047
MinimumVisualStudioVersion = 10.0.40219.1
Project("{8BC9CEB8-8B4A-11D0-8D11-00A0C91BC942}") = "CPractice5", "CPractice5\CPractice5.vcxproj", "{AD0BC09C-BC1E-402C-9038-582479C63FE6}"
EndProject
Global
	GlobalSection(SolutionConfigurationPlatforms) = preSolution
		Debug|x64 = Debug|x64
		Debug|x86 = Debug|x86
		Release|x64 = Release|x64
		Release|x86 = Release|x86
	EndGlobalSection
	GlobalSection(ProjectConfigurationPlatforms) = postSolution
		{AD0BC09C-BC1E-402C-9038-582479C63FE6}.Debug|x64.ActiveCfg = Debug|x64
		{AD0BC09C-BC1E-402C-9038-582479C63FE6}.Debug|x64.Build.0 = Debug|x64
		{AD0BC09C-BC1E-402C-9038-582479C63FE6}.Debug|x86.ActiveCfg = Debug|Win32
		{AD0BC09C-BC1E-402C-9038-582479C63FE6}.Debug|x86.Build.0 = Debug|Win32
		{AD0BC09C-BC1E-402C-9038-582479C63FE6}.Release|x64.ActiveCfg = Release|x64
		{AD0BC09C-BC1E-402C-9038-582479C63FE6}.Release|x64.Build.0 = Release|x64
		{AD0BC09C-BC1E-402C-9038-582479C63FE6}.Release|x86.ActiveCfg = Release|Win32
		{AD0BC09C-BC1E-402C-9038-582479C63FE6}.Release|x86.Build.0 = Release|Win32
	EndGlobalSection
	GlobalSection(SolutionProperties) = preSolution
		HideSolutionNode = FALSE
	EndGlobalSection
	GlobalSection(ExtensibilityGlobals) = postSolution
		SolutionGuid = {11683517-633F-4A8B-88C5-AC5DB269E5DB}
	EndGlobalSection
EndGlobal
