
Microsoft Visual Studio Solution File, Format Version 12.00
# Visual Studio 15
VisualStudioVersion = 15.0.27703.2047
MinimumVisualStudioVersion = 10.0.40219.1
Project("{8BC9CEB8-8B4A-11D0-8D11-00A0C91BC942}") = "CPractice1", "CPractice1\CPractice1.vcxproj", "{84298D6B-4654-449E-9DA7-2097A842FCC3}"
EndProject
Global
	GlobalSection(SolutionConfigurationPlatforms) = preSolution
		Debug|x64 = Debug|x64
		Debug|x86 = Debug|x86
		Release|x64 = Release|x64
		Release|x86 = Release|x86
	EndGlobalSection
	GlobalSection(ProjectConfigurationPlatforms) = postSolution
		{84298D6B-4654-449E-9DA7-2097A842FCC3}.Debug|x64.ActiveCfg = Debug|x64
		{84298D6B-4654-449E-9DA7-2097A842FCC3}.Debug|x64.Build.0 = Debug|x64
		{84298D6B-4654-449E-9DA7-2097A842FCC3}.Debug|x86.ActiveCfg = Debug|Win32
		{84298D6B-4654-449E-9DA7-2097A842FCC3}.Debug|x86.Build.0 = Debug|Win32
		{84298D6B-4654-449E-9DA7-2097A842FCC3}.Release|x64.ActiveCfg = Release|x64
		{84298D6B-4654-449E-9DA7-2097A842FCC3}.Release|x64.Build.0 = Release|x64
		{84298D6B-4654-449E-9DA7-2097A842FCC3}.Release|x86.ActiveCfg = Release|Win32
		{84298D6B-4654-449E-9DA7-2097A842FCC3}.Release|x86.Build.0 = Release|Win32
	EndGlobalSection
	GlobalSection(SolutionProperties) = preSolution
		HideSolutionNode = FALSE
	EndGlobalSection
	GlobalSection(ExtensibilityGlobals) = postSolution
		SolutionGuid = {F6CF0DE5-56D3-4025-9CD5-DC3674CB0DFA}
	EndGlobalSection
EndGlobal
